
Microsoft Visual Studio Solution File, Format Version 12.00
# Visual Studio Version 16
VisualStudioVersion = 16.0.33027.164
MinimumVisualStudioVersion = 10.0.40219.1
Project("{FAE04EC0-301F-11D3-BF4B-00C04F79EFBC}") = "EasyPark", "EasyPark\EasyPark.csproj", "{0C67749E-A219-438F-BDA2-17FADAFEB611}"
EndProject
Global
	GlobalSection(SolutionConfigurationPlatforms) = preSolution
		Debug|Any CPU = Debug|Any CPU
		Release|Any CPU = Release|Any CPU
	EndGlobalSection
	GlobalSection(ProjectConfigurationPlatforms) = postSolution
		{0C67749E-A219-438F-BDA2-17FADAFEB611}.Debug|Any CPU.ActiveCfg = Debug|Any CPU
		{0C67749E-A219-438F-BDA2-17FADAFEB611}.Debug|Any CPU.Build.0 = Debug|Any CPU
		{0C67749E-A219-438F-BDA2-17FADAFEB611}.Release|Any CPU.ActiveCfg = Release|Any CPU
		{0C67749E-A219-438F-BDA2-17FADAFEB611}.Release|Any CPU.Build.0 = Release|Any CPU
	EndGlobalSection
	GlobalSection(SolutionProperties) = preSolution
		HideSolutionNode = FALSE
	EndGlobalSection
	GlobalSection(ExtensibilityGlobals) = postSolution
		SolutionGuid = {FCBF4C54-7E09-4A44-A528-A1D75EE9361C}
	EndGlobalSection
EndGlobal
